{
  "name": "poll-study-application",
  "version": "1.0.0",
  "lockfileVersion": 1,
  "requires": true,
  "dependencies": {
    "apparatus": {
      "version": "0.0.10",
      "resolved": "https://registry.npmjs.org/apparatus/-/apparatus-0.0.10.tgz",
      "integrity": "sha512-KLy/ugo33KZA7nugtQ7O0E1c8kQ52N3IvD/XgIh4w/Nr28ypfkwDfA67F1ev4N1m5D+BOk1+b2dEJDfpj/VvZg==",
      "requires": {
        "sylvester": ">= 0.0.8"
      }
    },
    "bindings": {
      "version": "1.3.0",
      "resolved": "https://registry.npmjs.org/bindings/-/bindings-1.3.0.tgz",
      "integrity": "sha512-DpLh5EzMR2kzvX1KIlVC0VkC3iZtHKTgdtZ0a3pglBZdaQFjt5S9g9xd1lE+YvXyfd6mtCeRnrUfOLYiTMlNSw==",
      "optional": true
    },
    "chownr": {
      "version": "1.0.1",
      "resolved": "https://registry.npmjs.org/chownr/-/chownr-1.0.1.tgz",
      "integrity": "sha1-4qdQQqlVGQi+vSW4Uj1fl2nXkYE="
    },
    "commander": {
      "version": "2.17.0",
      "resolved": "https://registry.npmjs.org/commander/-/commander-2.17.0.tgz",
      "integrity": "sha512-477o1hdVORiFlZxw8wgsXYCef3lh0zl/OV0FTftqiDxJSWw6dPQ2ipS4k20J2qBcsmsmLKSyr2iFrf9e3JGi4w=="
    },
    "contractions": {
      "version": "github:msrose/node-contractions#c17863f08f81ac87c962ed428b2db9f7169c38c8",
      "from": "github:msrose/node-contractions"
    },
    "csv-parse": {
      "version": "2.5.0",
      "resolved": "https://registry.npmjs.org/csv-parse/-/csv-parse-2.5.0.tgz",
      "integrity": "sha512-4OcjOJQByI0YDU5COYw9HAqjo8/MOLLmT9EKyMCXUzgvh30vS1SlMK+Ho84IH5exN44cSnrYecw/7Zpu2m4lkA=="
    },
    "emotional": {
      "version": "0.0.3",
      "resolved": "https://registry.npmjs.org/emotional/-/emotional-0.0.3.tgz",
      "integrity": "sha1-mAESR/pqtHgC9EAcca527TmovZU=",
      "requires": {
        "emotional-emoticons": "*",
        "tokepi": "*",
        "underscore": "*",
        "underscore.string": "*",
        "xml2js": "*"
      }
    },
    "emotional-emoticons": {
      "version": "0.0.1",
      "resolved": "https://registry.npmjs.org/emotional-emoticons/-/emotional-emoticons-0.0.1.tgz",
      "integrity": "sha1-lHt9WQwmvagkRoLA86Tz4w4zlXI="
    },
    "escape-regexp": {
      "version": "0.0.1",
      "resolved": "https://registry.npmjs.org/escape-regexp/-/escape-regexp-0.0.1.tgz",
      "integrity": "sha1-9EvaEtRbvfnLf4Yu5+SCez3TIlQ="
    },
    "form-analysis": {
      "version": "github:felixdrp/form-analysis#e68bb84845bbebd18baf8f3e630dec92e1b272fb",
      "from": "github:felixdrp/form-analysis",
      "requires": {
        "contractions": "github:msrose/node-contractions#c17863f08f81ac87c962ed428b2db9f7169c38c8",
        "csv-parse": "^2.0.4",
        "emotional": "0.0.3",
        "natural": "^0.5.6",
        "sentiment": "^4.2.0",
        "stopword": "^0.1.10",
        "underscore": "^1.8.3",
        "uuid": "^3.2.1",
        "wordnet-db": "^3.1.6",
        "wordpos": "^1.1.6"
      }
    },
    "minimist": {
      "version": "0.0.8",
      "resolved": "https://registry.npmjs.org/minimist/-/minimist-0.0.8.tgz",
      "integrity": "sha1-hX/Kv8M5fSYluCKCYuhqp6ARsF0="
    },
    "minipass": {
      "version": "2.3.3",
      "resolved": "https://registry.npmjs.org/minipass/-/minipass-2.3.3.tgz",
      "integrity": "sha512-/jAn9/tEX4gnpyRATxgHEOV6xbcyxgT7iUnxo9Y3+OB0zX00TgKIv/2FZCf5brBbICcwbLqVv2ImjvWWrQMSYw==",
      "requires": {
        "safe-buffer": "^5.1.2",
        "yallist": "^3.0.0"
      }
    },
    "minizlib": {
      "version": "1.1.0",
      "resolved": "https://registry.npmjs.org/minizlib/-/minizlib-1.1.0.tgz",
      "integrity": "sha512-4T6Ur/GctZ27nHfpt9THOdRZNgyJ9FZchYO1ceg5S8Q3DNLCKYy44nCZzgCJgcvx2UM8czmqak5BCxJMrq37lA==",
      "requires": {
        "minipass": "^2.2.1"
      }
    },
    "mkdirp": {
      "version": "0.5.1",
      "resolved": "https://registry.npmjs.org/mkdirp/-/mkdirp-0.5.1.tgz",
      "integrity": "sha1-MAV0OOrGz3+MR2fzhkjWaX11yQM=",
      "requires": {
        "minimist": "0.0.8"
      }
    },
    "nan": {
      "version": "2.10.0",
      "resolved": "https://registry.npmjs.org/nan/-/nan-2.10.0.tgz",
      "integrity": "sha512-bAdJv7fBLhWC+/Bls0Oza+mvTaNQtP+1RyhhhvD95pgUJz6XM5IzgmxOkItJ9tkoCiplvAnXI1tNmmUD/eScyA==",
      "optional": true
    },
    "natural": {
      "version": "0.5.6",
      "resolved": "https://registry.npmjs.org/natural/-/natural-0.5.6.tgz",
      "integrity": "sha1-8hUrYfNr78b+Dta8gR+0mebp3M0=",
      "requires": {
        "apparatus": ">= 0.0.9",
        "sylvester": ">= 0.0.12",
        "underscore": ">=1.3.1",
        "webworker-threads": ">=0.6.2"
      }
    },
    "safe-buffer": {
      "version": "5.1.2",
      "resolved": "https://registry.npmjs.org/safe-buffer/-/safe-buffer-5.1.2.tgz",
      "integrity": "sha512-Gd2UZBJDkXlY7GbJxfsE8/nvKkUEU1G38c1siN6QP6a9PT9MmHB8GnpscSmMJSoF8LOIrt8ud/wPtojys4G6+g=="
    },
    "sax": {
      "version": "1.2.4",
      "resolved": "https://registry.npmjs.org/sax/-/sax-1.2.4.tgz",
      "integrity": "sha512-NqVDv9TpANUjFm0N8uM5GxL36UgKi9/atZw+x7YFnQ8ckwFGKrl4xX4yWtrey3UJm5nP1kUbnYgLopqWNSRhWw=="
    },
    "sentiment": {
      "version": "4.2.0",
      "resolved": "https://registry.npmjs.org/sentiment/-/sentiment-4.2.0.tgz",
      "integrity": "sha512-aj0/PouNqOQBklPbERcn8IoHsfmQpWXdp71SS/ixDFUN+2KoQuZ7JhtwR94Al7h8m0nhs/wiCj5QXejtoF0wNA=="
    },
    "sprintf-js": {
      "version": "1.1.1",
      "resolved": "https://registry.npmjs.org/sprintf-js/-/sprintf-js-1.1.1.tgz",
      "integrity": "sha1-Nr54Mgr+WAH2zqPueLblqrlA6gw="
    },
    "stopword": {
      "version": "0.1.10",
      "resolved": "https://registry.npmjs.org/stopword/-/stopword-0.1.10.tgz",
      "integrity": "sha512-hTkU1wXVLbEQNLeOO3FESj0bme6QsNaV5xh13SV7ylSfNVdyzd9nS6lY5D098izFezMmvRMIFEyNcW01LfI+SA=="
    },
    "sylvester": {
      "version": "0.0.21",
      "resolved": "https://registry.npmjs.org/sylvester/-/sylvester-0.0.21.tgz",
      "integrity": "sha1-KYexzivS84sNzio0OIiEv6RADqc="
    },
    "tar": {
      "version": "3.2.1",
      "resolved": "https://registry.npmjs.org/tar/-/tar-3.2.1.tgz",
      "integrity": "sha512-ZSzds1E0IqutvMU8HxjMaU8eB7urw2fGwTq88ukDOVuUIh0656l7/P7LiVPxhO5kS4flcRJQk8USG+cghQbTUQ==",
      "requires": {
        "chownr": "^1.0.1",
        "minipass": "^2.0.2",
        "minizlib": "^1.0.3",
        "mkdirp": "^0.5.0",
        "yallist": "^3.0.2"
      }
    },
    "tokepi": {
      "version": "0.0.3",
      "resolved": "https://registry.npmjs.org/tokepi/-/tokepi-0.0.3.tgz",
      "integrity": "sha1-MLvam2H3tReC8262yulgS2FYU4M=",
      "requires": {
        "emotional-emoticons": "*",
        "escape-regexp": "0.0.1",
        "underscore": "*",
        "underscore.string": "*"
      }
    },
    "underscore": {
      "version": "1.9.1",
      "resolved": "https://registry.npmjs.org/underscore/-/underscore-1.9.1.tgz",
      "integrity": "sha512-5/4etnCkd9c8gwgowi5/om/mYO5ajCaOgdzj/oW+0eQV9WxKBDZw5+ycmKmeaTXjInS/W0BzpGLo2xR2aBwZdg=="
    },
    "underscore.string": {
      "version": "3.3.4",
      "resolved": "https://registry.npmjs.org/underscore.string/-/underscore.string-3.3.4.tgz",
      "integrity": "sha1-LCo/n4PmR2L9xF5s6sZRQoZCE9s=",
      "requires": {
        "sprintf-js": "^1.0.3",
        "util-deprecate": "^1.0.2"
      }
    },
    "util-deprecate": {
      "version": "1.0.2",
      "resolved": "https://registry.npmjs.org/util-deprecate/-/util-deprecate-1.0.2.tgz",
      "integrity": "sha1-RQ1Nyfpw3nMnYvvS1KKJgUGaDM8="
    },
    "uuid": {
      "version": "3.3.2",
      "resolved": "https://registry.npmjs.org/uuid/-/uuid-3.3.2.tgz",
      "integrity": "sha512-yXJmeNaw3DnnKAOKJE51sL/ZaYfWJRl1pK9dr19YFCu0ObS231AB1/LbqTKRAQ5kw8A90rA6fr4riOUpTZvQZA=="
    },
    "webworker-threads": {
      "version": "0.7.16",
      "resolved": "https://registry.npmjs.org/webworker-threads/-/webworker-threads-0.7.16.tgz",
      "integrity": "sha512-JE+gu6JcgCXj/MLU3VORnloubDif3mn0GJ2+7CFRo5NQa5wmisVI2SLUZMRWcATixnXQ5dKnSdrpRnFVkiTydw==",
      "optional": true,
      "requires": {
        "bindings": "^1.3.0",
        "nan": "^2.8.0"
      }
    },
    "wordnet-db": {
      "version": "3.1.6",
      "resolved": "https://registry.npmjs.org/wordnet-db/-/wordnet-db-3.1.6.tgz",
      "integrity": "sha1-75kaOOmGq5HhsDai+ZF5jBNiD5g=",
      "requires": {
        "tar": "^3.1"
      }
    },
    "wordpos": {
      "version": "1.1.6",
      "resolved": "https://registry.npmjs.org/wordpos/-/wordpos-1.1.6.tgz",
      "integrity": "sha512-+jlB/Iu0hhkxw5AwugdOPxod0g0CJSQOWItkUYuMZpKEpBWJ1DZcoa8n8cmDAn9mTXo8n9ZT516NAgE8SZPkRw==",
      "requires": {
        "commander": "^2.0.0",
        "underscore": ">=1.3.1",
        "wordnet-db": "^3.1.6"
      }
    },
    "xml2js": {
      "version": "0.4.19",
      "resolved": "https://registry.npmjs.org/xml2js/-/xml2js-0.4.19.tgz",
      "integrity": "sha512-esZnJZJOiJR9wWKMyuvSE1y6Dq5LCuJanqhxslH2bxM6duahNZ+HMpCLhBQGZkbX6xRf8x1Y2eJlgt2q3qo49Q==",
      "requires": {
        "sax": ">=0.6.0",
        "xmlbuilder": "~9.0.1"
      }
    },
    "xmlbuilder": {
      "version": "9.0.7",
      "resolved": "https://registry.npmjs.org/xmlbuilder/-/xmlbuilder-9.0.7.tgz",
      "integrity": "sha1-Ey7mPS7FVlxVfiD0wi35rKaGsQ0="
    },
    "yallist": {
      "version": "3.0.2",
      "resolved": "https://registry.npmjs.org/yallist/-/yallist-3.0.2.tgz",
      "integrity": "sha1-hFK0u36Dx8GI2AQcGoN8dz1ti7k="
    }
  }
}
